
Microsoft Visual Studio Solution File, Format Version 12.00
# Visual Studio Version 17
VisualStudioVersion = 17.14.36811.4
MinimumVisualStudioVersion = 10.0.40219.1
Project("{FAE04EC0-301F-11D3-BF4B-00C04F79EFBC}") = "FluxCAD.Contracts", "src\FluxCAD.Contracts\FluxCAD.Contracts.csproj", "{E838B90C-CA2A-4802-8624-707FC416BAEF}"
EndProject
Project("{FAE04EC0-301F-11D3-BF4B-00C04F79EFBC}") = "FluxCAD.Infrastructure", "src\FluxCAD.Infrastructure\FluxCAD.Infrastructure.csproj", "{4C80B4A1-DAFD-4F63-934D-432B21070AF5}"
EndProject
Project("{FAE04EC0-301F-11D3-BF4B-00C04F79EFBC}") = "FluxCAD.Core", "src\FluxCAD.Core\FluxCAD.Core.csproj", "{703078D6-E4F0-4EC4-8173-8CF3BBE543F2}"
EndProject
Project("{FAE04EC0-301F-11D3-BF4B-00C04F79EFBC}") = "FluxCAD.Gui26", "src\FluxCAD.Gui26\FluxCAD.Gui26.csproj", "{630AA635-C5A2-455C-82E2-B0C303B8E164}"
EndProject
Project("{FAE04EC0-301F-11D3-BF4B-00C04F79EFBC}") = "FluxCAD.BricsCAD.Plugin26", "src\FluxCAD.BricsCAD.Plugin26\FluxCAD.BricsCAD.Plugin26.csproj", "{C1FBD6D4-A7D1-4A8F-948E-01FB7C309D5A}"
EndProject
Project("{FAE04EC0-301F-11D3-BF4B-00C04F79EFBC}") = "FluxCAD.BricsCAD.Adapter26", "src\FluxCAD.BricsCAD.Adapter26\FluxCAD.BricsCAD.Adapter26.csproj", "{0BC0CA2D-8F8B-41E2-B446-09A4EB749785}"
EndProject
Project("{FAE04EC0-301F-11D3-BF4B-00C04F79EFBC}") = "FluxCAD.SheetAnalysis", "src\FluxCAD.SheetAnalysis\FluxCAD.SheetAnalysis.csproj", "{2636784F-1E91-4624-96B7-62E61DD94B57}"
EndProject
Global
	GlobalSection(SolutionConfigurationPlatforms) = preSolution
		Debug|Any CPU = Debug|Any CPU
		Debug|x64 = Debug|x64
		Release|Any CPU = Release|Any CPU
		Release|x64 = Release|x64
	EndGlobalSection
	GlobalSection(ProjectConfigurationPlatforms) = postSolution
		{E838B90C-CA2A-4802-8624-707FC416BAEF}.Debug|Any CPU.ActiveCfg = Debug|Any CPU
		{E838B90C-CA2A-4802-8624-707FC416BAEF}.Debug|Any CPU.Build.0 = Debug|Any CPU
		{E838B90C-CA2A-4802-8624-707FC416BAEF}.Debug|x64.ActiveCfg = Debug|x64
		{E838B90C-CA2A-4802-8624-707FC416BAEF}.Debug|x64.Build.0 = Debug|x64
		{E838B90C-CA2A-4802-8624-707FC416BAEF}.Release|Any CPU.ActiveCfg = Release|Any CPU
		{E838B90C-CA2A-4802-8624-707FC416BAEF}.Release|Any CPU.Build.0 = Release|Any CPU
		{E838B90C-CA2A-4802-8624-707FC416BAEF}.Release|x64.ActiveCfg = Release|x64
		{E838B90C-CA2A-4802-8624-707FC416BAEF}.Release|x64.Build.0 = Release|x64
		{4C80B4A1-DAFD-4F63-934D-432B21070AF5}.Debug|Any CPU.ActiveCfg = Debug|Any CPU
		{4C80B4A1-DAFD-4F63-934D-432B21070AF5}.Debug|Any CPU.Build.0 = Debug|Any CPU
		{4C80B4A1-DAFD-4F63-934D-432B21070AF5}.Debug|x64.ActiveCfg = Debug|x64
		{4C80B4A1-DAFD-4F63-934D-432B21070AF5}.Debug|x64.Build.0 = Debug|x64
		{4C80B4A1-DAFD-4F63-934D-432B21070AF5}.Release|Any CPU.ActiveCfg = Release|Any CPU
		{4C80B4A1-DAFD-4F63-934D-432B21070AF5}.Release|Any CPU.Build.0 = Release|Any CPU
		{4C80B4A1-DAFD-4F63-934D-432B21070AF5}.Release|x64.ActiveCfg = Release|x64
		{4C80B4A1-DAFD-4F63-934D-432B21070AF5}.Release|x64.Build.0 = Release|x64
		{703078D6-E4F0-4EC4-8173-8CF3BBE543F2}.Debug|Any CPU.ActiveCfg = Debug|Any CPU
		{703078D6-E4F0-4EC4-8173-8CF3BBE543F2}.Debug|Any CPU.Build.0 = Debug|Any CPU
		{703078D6-E4F0-4EC4-8173-8CF3BBE543F2}.Debug|x64.ActiveCfg = Debug|x64
		{703078D6-E4F0-4EC4-8173-8CF3BBE543F2}.Debug|x64.Build.0 = Debug|x64
		{703078D6-E4F0-4EC4-8173-8CF3BBE543F2}.Release|Any CPU.ActiveCfg = Release|Any CPU
		{703078D6-E4F0-4EC4-8173-8CF3BBE543F2}.Release|Any CPU.Build.0 = Release|Any CPU
		{703078D6-E4F0-4EC4-8173-8CF3BBE543F2}.Release|x64.ActiveCfg = Release|x64
		{703078D6-E4F0-4EC4-8173-8CF3BBE543F2}.Release|x64.Build.0 = Release|x64
		{630AA635-C5A2-455C-82E2-B0C303B8E164}.Debug|Any CPU.ActiveCfg = Debug|Any CPU
		{630AA635-C5A2-455C-82E2-B0C303B8E164}.Debug|Any CPU.Build.0 = Debug|Any CPU
		{630AA635-C5A2-455C-82E2-B0C303B8E164}.Debug|x64.ActiveCfg = Debug|x64
		{630AA635-C5A2-455C-82E2-B0C303B8E164}.Debug|x64.Build.0 = Debug|x64
		{630AA635-C5A2-455C-82E2-B0C303B8E164}.Release|Any CPU.ActiveCfg = Release|Any CPU
		{630AA635-C5A2-455C-82E2-B0C303B8E164}.Release|Any CPU.Build.0 = Release|Any CPU
		{630AA635-C5A2-455C-82E2-B0C303B8E164}.Release|x64.ActiveCfg = Release|x64
		{630AA635-C5A2-455C-82E2-B0C303B8E164}.Release|x64.Build.0 = Release|x64
		{C1FBD6D4-A7D1-4A8F-948E-01FB7C309D5A}.Debug|Any CPU.ActiveCfg = Debug|Any CPU
		{C1FBD6D4-A7D1-4A8F-948E-01FB7C309D5A}.Debug|Any CPU.Build.0 = Debug|Any CPU
		{C1FBD6D4-A7D1-4A8F-948E-01FB7C309D5A}.Debug|x64.ActiveCfg = Debug|x64
		{C1FBD6D4-A7D1-4A8F-948E-01FB7C309D5A}.Debug|x64.Build.0 = Debug|x64
		{C1FBD6D4-A7D1-4A8F-948E-01FB7C309D5A}.Release|Any CPU.ActiveCfg = Release|Any CPU
		{C1FBD6D4-A7D1-4A8F-948E-01FB7C309D5A}.Release|Any CPU.Build.0 = Release|Any CPU
		{C1FBD6D4-A7D1-4A8F-948E-01FB7C309D5A}.Release|x64.ActiveCfg = Release|x64
		{C1FBD6D4-A7D1-4A8F-948E-01FB7C309D5A}.Release|x64.Build.0 = Release|x64
		{0BC0CA2D-8F8B-41E2-B446-09A4EB749785}.Debug|Any CPU.ActiveCfg = Debug|Any CPU
		{0BC0CA2D-8F8B-41E2-B446-09A4EB749785}.Debug|Any CPU.Build.0 = Debug|Any CPU
		{0BC0CA2D-8F8B-41E2-B446-09A4EB749785}.Debug|x64.ActiveCfg = Debug|x64
		{0BC0CA2D-8F8B-41E2-B446-09A4EB749785}.Debug|x64.Build.0 = Debug|x64
		{0BC0CA2D-8F8B-41E2-B446-09A4EB749785}.Release|Any CPU.ActiveCfg = Release|Any CPU
		{0BC0CA2D-8F8B-41E2-B446-09A4EB749785}.Release|Any CPU.Build.0 = Release|Any CPU
		{0BC0CA2D-8F8B-41E2-B446-09A4EB749785}.Release|x64.ActiveCfg = Release|x64
		{0BC0CA2D-8F8B-41E2-B446-09A4EB749785}.Release|x64.Build.0 = Release|x64
		{2636784F-1E91-4624-96B7-62E61DD94B57}.Debug|Any CPU.ActiveCfg = Debug|Any CPU
		{2636784F-1E91-4624-96B7-62E61DD94B57}.Debug|Any CPU.Build.0 = Debug|Any CPU
		{2636784F-1E91-4624-96B7-62E61DD94B57}.Debug|x64.ActiveCfg = Debug|Any CPU
		{2636784F-1E91-4624-96B7-62E61DD94B57}.Debug|x64.Build.0 = Debug|Any CPU
		{2636784F-1E91-4624-96B7-62E61DD94B57}.Release|Any CPU.ActiveCfg = Release|Any CPU
		{2636784F-1E91-4624-96B7-62E61DD94B57}.Release|Any CPU.Build.0 = Release|Any CPU
		{2636784F-1E91-4624-96B7-62E61DD94B57}.Release|x64.ActiveCfg = Release|Any CPU
		{2636784F-1E91-4624-96B7-62E61DD94B57}.Release|x64.Build.0 = Release|Any CPU
	EndGlobalSection
	GlobalSection(SolutionProperties) = preSolution
		HideSolutionNode = FALSE
	EndGlobalSection
	GlobalSection(ExtensibilityGlobals) = postSolution
		SolutionGuid = {788391F0-0DF8-4F0D-9682-E86B874BFF03}
	EndGlobalSection
EndGlobal
